
Microsoft Visual Studio Solution File, Format Version 12.00
# Visual Studio Version 17
VisualStudioVersion = 17.7.34202.233
MinimumVisualStudioVersion = 10.0.40219.1
Project("{FAE04EC0-301F-11D3-BF4B-00C04F79EFBC}") = "UserAPI", "UserAPI.csproj", "{FBEF272C-4E33-4054-A400-F73F74D54E0B}"
EndProject
Global
	GlobalSection(SolutionConfigurationPlatforms) = preSolution
		Debug|Any CPU = Debug|Any CPU
		Release|Any CPU = Release|Any CPU
	EndGlobalSection
	GlobalSection(ProjectConfigurationPlatforms) = postSolution
		{FBEF272C-4E33-4054-A400-F73F74D54E0B}.Debug|Any CPU.ActiveCfg = Debug|Any CPU
		{FBEF272C-4E33-4054-A400-F73F74D54E0B}.Debug|Any CPU.Build.0 = Debug|Any CPU
		{FBEF272C-4E33-4054-A400-F73F74D54E0B}.Release|Any CPU.ActiveCfg = Release|Any CPU
		{FBEF272C-4E33-4054-A400-F73F74D54E0B}.Release|Any CPU.Build.0 = Release|Any CPU
	EndGlobalSection
	GlobalSection(SolutionProperties) = preSolution
		HideSolutionNode = FALSE
	EndGlobalSection
	GlobalSection(ExtensibilityGlobals) = postSolution
		SolutionGuid = {7859BA24-63CC-415F-8620-F3B766F2BDE0}
	EndGlobalSection
EndGlobal
